// !$*UTF8*$!
{
	archiveVersion = 1;
	classes = {
	};
	objectVersion = 46;
	objects = {

/* Begin PBXBuildFile section */
		27F0E3E91E344FA9005C32BB /* API.swift in Sources */ = {isa = PBXBuildFile; fileRef = 27F0E3E81E344FA9005C32BB /* API.swift */; };
		4D2F67521E32AD72005D4D0B /* QueryClient.swift in Sources */ = {isa = PBXBuildFile; fileRef = 4D2F67511E32AD72005D4D0B /* QueryClient.swift */; };
		4D2F67541E32B707005D4D0B /* Constants.swift in Sources */ = {isa = PBXBuildFile; fileRef = 4D2F67531E32B707005D4D0B /* Constants.swift */; };
		4D464D301E25873800443D3B /* AppDelegate.swift in Sources */ = {isa = PBXBuildFile; fileRef = 4D464D2F1E25873800443D3B /* AppDelegate.swift */; };
		4D464D371E25873800443D3B /* Assets.xcassets in Resources */ = {isa = PBXBuildFile; fileRef = 4D464D361E25873800443D3B /* Assets.xcassets */; };
		4D464D3A1E25873800443D3B /* LaunchScreen.storyboard in Resources */ = {isa = PBXBuildFile; fileRef = 4D464D381E25873800443D3B /* LaunchScreen.storyboard */; };
		4D464D451E25873900443D3B /* GrowlerTests.swift in Sources */ = {isa = PBXBuildFile; fileRef = 4D464D441E25873900443D3B /* GrowlerTests.swift */; };
		4D464D571E258CF200443D3B /* Configuration.swift in Sources */ = {isa = PBXBuildFile; fileRef = 4D464D561E258CF200443D3B /* Configuration.swift */; };
		4D464D591E25A1E300443D3B /* Style.swift in Sources */ = {isa = PBXBuildFile; fileRef = 4D464D581E25A1E300443D3B /* Style.swift */; };
		4D464D5C1E2833EB00443D3B /* CellarTabViewController.swift in Sources */ = {isa = PBXBuildFile; fileRef = 4D464D5B1E2833EB00443D3B /* CellarTabViewController.swift */; };
		4D464D5E1E28341B00443D3B /* TradesTabViewController.swift in Sources */ = {isa = PBXBuildFile; fileRef = 4D464D5D1E28341B00443D3B /* TradesTabViewController.swift */; };
		4D464D601E28342800443D3B /* BeersTabViewController.swift in Sources */ = {isa = PBXBuildFile; fileRef = 4D464D5F1E28342800443D3B /* BeersTabViewController.swift */; };
		4D464D621E28343700443D3B /* ProfileTabViewController.swift in Sources */ = {isa = PBXBuildFile; fileRef = 4D464D611E28343700443D3B /* ProfileTabViewController.swift */; };
		4D464D641E2834ED00443D3B /* TabBarController.swift in Sources */ = {isa = PBXBuildFile; fileRef = 4D464D631E2834ED00443D3B /* TabBarController.swift */; };
		4D926F411E31796400686AAC /* BeersQuery.graphql in Resources */ = {isa = PBXBuildFile; fileRef = 4D926F401E31796400686AAC /* BeersQuery.graphql */; };
		4D9ABDC61E3BD2D100D18DBF /* BeerCell.swift in Sources */ = {isa = PBXBuildFile; fileRef = 4D9ABDC51E3BD2D100D18DBF /* BeerCell.swift */; };
		4D9ABDC81E3BD2E200D18DBF /* TradeCell.swift in Sources */ = {isa = PBXBuildFile; fileRef = 4D9ABDC71E3BD2E200D18DBF /* TradeCell.swift */; };
		4D9ABDCC1E3BEB7800D18DBF /* CellarQuery.graphql in Resources */ = {isa = PBXBuildFile; fileRef = 4D9ABDC91E3BEB7800D18DBF /* CellarQuery.graphql */; };
		4D9ABDCD1E3BEB7800D18DBF /* TradesQuery.graphql in Resources */ = {isa = PBXBuildFile; fileRef = 4D9ABDCA1E3BEB7800D18DBF /* TradesQuery.graphql */; };
		4D9ABDCE1E3BEB7800D18DBF /* WantedQuery.graphql in Resources */ = {isa = PBXBuildFile; fileRef = 4D9ABDCB1E3BEB7800D18DBF /* WantedQuery.graphql */; };
		4D9ABDD11E3BEE2500D18DBF /* BeerListViewModel.swift in Sources */ = {isa = PBXBuildFile; fileRef = 4D9ABDD01E3BEE2500D18DBF /* BeerListViewModel.swift */; };
		4D9ABDDC1E3BF67900D18DBF /* BeerListViewController.swift in Sources */ = {isa = PBXBuildFile; fileRef = 4D9ABDDB1E3BF67900D18DBF /* BeerListViewController.swift */; };
		719222E4C276BF11ABAB8F8A /* Pods_Growler.framework in Frameworks */ = {isa = PBXBuildFile; fileRef = C8DDA607DC878782F85DAF64 /* Pods_Growler.framework */; };
		76DB38EA1E3EC5E4001CF297 /* LibreBaskerville-Bold.ttf in Resources */ = {isa = PBXBuildFile; fileRef = 76DB38E31E3EC5E4001CF297 /* LibreBaskerville-Bold.ttf */; };
		76DB38EB1E3EC5E4001CF297 /* LibreBaskerville-Italic.ttf in Resources */ = {isa = PBXBuildFile; fileRef = 76DB38E41E3EC5E4001CF297 /* LibreBaskerville-Italic.ttf */; };
		76DB38EC1E3EC5E4001CF297 /* LibreBaskerville-Regular.ttf in Resources */ = {isa = PBXBuildFile; fileRef = 76DB38E51E3EC5E4001CF297 /* LibreBaskerville-Regular.ttf */; };
		76DB38ED1E3EC5E4001CF297 /* Raleway-Regular.ttf in Resources */ = {isa = PBXBuildFile; fileRef = 76DB38E61E3EC5E4001CF297 /* Raleway-Regular.ttf */; };
		76DB38EE1E3EC5E4001CF297 /* Raleway-SemiBold.ttf in Resources */ = {isa = PBXBuildFile; fileRef = 76DB38E71E3EC5E4001CF297 /* Raleway-SemiBold.ttf */; };
		76DB38EF1E3EC5E4001CF297 /* Raleway-Bold.ttf in Resources */ = {isa = PBXBuildFile; fileRef = 76DB38E81E3EC5E4001CF297 /* Raleway-Bold.ttf */; };
		76DB38F01E3EC5E4001CF297 /* Raleway-Light.ttf in Resources */ = {isa = PBXBuildFile; fileRef = 76DB38E91E3EC5E4001CF297 /* Raleway-Light.ttf */; };
		76DB38F31E3ED277001CF297 /* UIImage+Growler.swift in Sources */ = {isa = PBXBuildFile; fileRef = 76DB38F21E3ED277001CF297 /* UIImage+Growler.swift */; };
/* End PBXBuildFile section */

/* Begin PBXContainerItemProxy section */
		4D464D411E25873900443D3B /* PBXContainerItemProxy */ = {
			isa = PBXContainerItemProxy;
			containerPortal = 4D464D241E25873800443D3B /* Project object */;
			proxyType = 1;
			remoteGlobalIDString = 4D464D2B1E25873800443D3B;
			remoteInfo = Growler;
		};
/* End PBXContainerItemProxy section */

/* Begin PBXFileReference section */
		27F0E3E81E344FA9005C32BB /* API.swift */ = {isa = PBXFileReference; fileEncoding = 4; lastKnownFileType = sourcecode.swift; path = API.swift; sourceTree = "<group>"; };
		4D2F67511E32AD72005D4D0B /* QueryClient.swift */ = {isa = PBXFileReference; fileEncoding = 4; lastKnownFileType = sourcecode.swift; name = QueryClient.swift; path = Utilities/QueryClient.swift; sourceTree = "<group>"; };
		4D2F67531E32B707005D4D0B /* Constants.swift */ = {isa = PBXFileReference; fileEncoding = 4; lastKnownFileType = sourcecode.swift; name = Constants.swift; path = Utilities/Constants.swift; sourceTree = "<group>"; };
		4D464D2C1E25873800443D3B /* Growler.app */ = {isa = PBXFileReference; explicitFileType = wrapper.application; includeInIndex = 0; path = Growler.app; sourceTree = BUILT_PRODUCTS_DIR; };
		4D464D2F1E25873800443D3B /* AppDelegate.swift */ = {isa = PBXFileReference; lastKnownFileType = sourcecode.swift; name = AppDelegate.swift; path = "Supporting Files/AppDelegate.swift"; sourceTree = "<group>"; };
		4D464D361E25873800443D3B /* Assets.xcassets */ = {isa = PBXFileReference; lastKnownFileType = folder.assetcatalog; name = Assets.xcassets; path = Assets/Assets.xcassets; sourceTree = "<group>"; };
		4D464D391E25873800443D3B /* Base */ = {isa = PBXFileReference; lastKnownFileType = file.storyboard; name = Base; path = Base.lproj/LaunchScreen.storyboard; sourceTree = "<group>"; };
		4D464D3B1E25873800443D3B /* Info.plist */ = {isa = PBXFileReference; lastKnownFileType = text.plist.xml; name = Info.plist; path = "Supporting Files/Info.plist"; sourceTree = "<group>"; };
		4D464D401E25873900443D3B /* GrowlerTests.xctest */ = {isa = PBXFileReference; explicitFileType = wrapper.cfbundle; includeInIndex = 0; path = GrowlerTests.xctest; sourceTree = BUILT_PRODUCTS_DIR; };
		4D464D441E25873900443D3B /* GrowlerTests.swift */ = {isa = PBXFileReference; lastKnownFileType = sourcecode.swift; path = GrowlerTests.swift; sourceTree = "<group>"; };
		4D464D461E25873900443D3B /* Info.plist */ = {isa = PBXFileReference; lastKnownFileType = text.plist.xml; path = Info.plist; sourceTree = "<group>"; };
		4D464D561E258CF200443D3B /* Configuration.swift */ = {isa = PBXFileReference; fileEncoding = 4; lastKnownFileType = sourcecode.swift; name = Configuration.swift; path = Utilities/Configuration.swift; sourceTree = "<group>"; };
		4D464D581E25A1E300443D3B /* Style.swift */ = {isa = PBXFileReference; fileEncoding = 4; lastKnownFileType = sourcecode.swift; name = Style.swift; path = Utilities/Style.swift; sourceTree = "<group>"; };
		4D464D5B1E2833EB00443D3B /* CellarTabViewController.swift */ = {isa = PBXFileReference; fileEncoding = 4; lastKnownFileType = sourcecode.swift; name = CellarTabViewController.swift; path = Controllers/Tabs/CellarTabViewController.swift; sourceTree = "<group>"; };
		4D464D5D1E28341B00443D3B /* TradesTabViewController.swift */ = {isa = PBXFileReference; fileEncoding = 4; lastKnownFileType = sourcecode.swift; name = TradesTabViewController.swift; path = Controllers/Tabs/TradesTabViewController.swift; sourceTree = "<group>"; };
		4D464D5F1E28342800443D3B /* BeersTabViewController.swift */ = {isa = PBXFileReference; fileEncoding = 4; lastKnownFileType = sourcecode.swift; name = BeersTabViewController.swift; path = Controllers/Tabs/BeersTabViewController.swift; sourceTree = "<group>"; };
		4D464D611E28343700443D3B /* ProfileTabViewController.swift */ = {isa = PBXFileReference; fileEncoding = 4; lastKnownFileType = sourcecode.swift; name = ProfileTabViewController.swift; path = Controllers/Tabs/ProfileTabViewController.swift; sourceTree = "<group>"; };
		4D464D631E2834ED00443D3B /* TabBarController.swift */ = {isa = PBXFileReference; fileEncoding = 4; lastKnownFileType = sourcecode.swift; name = TabBarController.swift; path = Controllers/Tabs/TabBarController.swift; sourceTree = "<group>"; };
		4D926F401E31796400686AAC /* BeersQuery.graphql */ = {isa = PBXFileReference; fileEncoding = 4; lastKnownFileType = text; name = BeersQuery.graphql; path = Queries/BeersQuery.graphql; sourceTree = "<group>"; };
		4D9ABDC51E3BD2D100D18DBF /* BeerCell.swift */ = {isa = PBXFileReference; fileEncoding = 4; lastKnownFileType = sourcecode.swift; name = BeerCell.swift; path = Views/BeerCell.swift; sourceTree = "<group>"; };
		4D9ABDC71E3BD2E200D18DBF /* TradeCell.swift */ = {isa = PBXFileReference; fileEncoding = 4; lastKnownFileType = sourcecode.swift; name = TradeCell.swift; path = Views/TradeCell.swift; sourceTree = "<group>"; };
		4D9ABDC91E3BEB7800D18DBF /* CellarQuery.graphql */ = {isa = PBXFileReference; fileEncoding = 4; lastKnownFileType = text; name = CellarQuery.graphql; path = Queries/CellarQuery.graphql; sourceTree = "<group>"; };
		4D9ABDCA1E3BEB7800D18DBF /* TradesQuery.graphql */ = {isa = PBXFileReference; fileEncoding = 4; lastKnownFileType = text; name = TradesQuery.graphql; path = Queries/TradesQuery.graphql; sourceTree = "<group>"; };
		4D9ABDCB1E3BEB7800D18DBF /* WantedQuery.graphql */ = {isa = PBXFileReference; fileEncoding = 4; lastKnownFileType = text; name = WantedQuery.graphql; path = Queries/WantedQuery.graphql; sourceTree = "<group>"; };
		4D9ABDD01E3BEE2500D18DBF /* BeerListViewModel.swift */ = {isa = PBXFileReference; fileEncoding = 4; lastKnownFileType = sourcecode.swift; name = BeerListViewModel.swift; path = "View Models/BeerListViewModel.swift"; sourceTree = "<group>"; };
		4D9ABDDB1E3BF67900D18DBF /* BeerListViewController.swift */ = {isa = PBXFileReference; fileEncoding = 4; lastKnownFileType = sourcecode.swift; name = BeerListViewController.swift; path = Controllers/Tabs/BeerListViewController.swift; sourceTree = "<group>"; };
		59281B937F90CEED6D5995AB /* Pods-Growler.debug.xcconfig */ = {isa = PBXFileReference; includeInIndex = 1; lastKnownFileType = text.xcconfig; name = "Pods-Growler.debug.xcconfig"; path = "Pods/Target Support Files/Pods-Growler/Pods-Growler.debug.xcconfig"; sourceTree = "<group>"; };
		76DB38E31E3EC5E4001CF297 /* LibreBaskerville-Bold.ttf */ = {isa = PBXFileReference; lastKnownFileType = file; path = "LibreBaskerville-Bold.ttf"; sourceTree = "<group>"; };
		76DB38E41E3EC5E4001CF297 /* LibreBaskerville-Italic.ttf */ = {isa = PBXFileReference; lastKnownFileType = file; path = "LibreBaskerville-Italic.ttf"; sourceTree = "<group>"; };
		76DB38E51E3EC5E4001CF297 /* LibreBaskerville-Regular.ttf */ = {isa = PBXFileReference; lastKnownFileType = file; path = "LibreBaskerville-Regular.ttf"; sourceTree = "<group>"; };
		76DB38E61E3EC5E4001CF297 /* Raleway-Regular.ttf */ = {isa = PBXFileReference; lastKnownFileType = file; path = "Raleway-Regular.ttf"; sourceTree = "<group>"; };
		76DB38E71E3EC5E4001CF297 /* Raleway-SemiBold.ttf */ = {isa = PBXFileReference; lastKnownFileType = file; path = "Raleway-SemiBold.ttf"; sourceTree = "<group>"; };
		76DB38E81E3EC5E4001CF297 /* Raleway-Bold.ttf */ = {isa = PBXFileReference; lastKnownFileType = file; path = "Raleway-Bold.ttf"; sourceTree = "<group>"; };
		76DB38E91E3EC5E4001CF297 /* Raleway-Light.ttf */ = {isa = PBXFileReference; lastKnownFileType = file; path = "Raleway-Light.ttf"; sourceTree = "<group>"; };
		76DB38F21E3ED277001CF297 /* UIImage+Growler.swift */ = {isa = PBXFileReference; fileEncoding = 4; lastKnownFileType = sourcecode.swift; name = "UIImage+Growler.swift"; path = "Utilities/Extensions/UIImage+Growler.swift"; sourceTree = "<group>"; };
		C8DDA607DC878782F85DAF64 /* Pods_Growler.framework */ = {isa = PBXFileReference; explicitFileType = wrapper.framework; includeInIndex = 0; path = Pods_Growler.framework; sourceTree = BUILT_PRODUCTS_DIR; };
		E67163784B7D09A3C51E99C5 /* Pods-Growler.release.xcconfig */ = {isa = PBXFileReference; includeInIndex = 1; lastKnownFileType = text.xcconfig; name = "Pods-Growler.release.xcconfig"; path = "Pods/Target Support Files/Pods-Growler/Pods-Growler.release.xcconfig"; sourceTree = "<group>"; };
/* End PBXFileReference section */

/* Begin PBXFrameworksBuildPhase section */
		4D464D291E25873800443D3B /* Frameworks */ = {
			isa = PBXFrameworksBuildPhase;
			buildActionMask = 2147483647;
			files = (
				719222E4C276BF11ABAB8F8A /* Pods_Growler.framework in Frameworks */,
			);
			runOnlyForDeploymentPostprocessing = 0;
		};
		4D464D3D1E25873900443D3B /* Frameworks */ = {
			isa = PBXFrameworksBuildPhase;
			buildActionMask = 2147483647;
			files = (
			);
			runOnlyForDeploymentPostprocessing = 0;
		};
/* End PBXFrameworksBuildPhase section */

/* Begin PBXGroup section */
		147CEFA0A4085D1DB475A8E3 /* Frameworks */ = {
			isa = PBXGroup;
			children = (
				C8DDA607DC878782F85DAF64 /* Pods_Growler.framework */,
			);
			name = Frameworks;
			sourceTree = "<group>";
		};
		4D464D231E25873800443D3B = {
			isa = PBXGroup;
			children = (
				4D464D2E1E25873800443D3B /* Growler */,
				4D464D431E25873900443D3B /* GrowlerTests */,
				4D464D2D1E25873800443D3B /* Products */,
				ED0B0FEE7E49B55D2E22E457 /* Pods */,
				147CEFA0A4085D1DB475A8E3 /* Frameworks */,
			);
			sourceTree = "<group>";
		};
		4D464D2D1E25873800443D3B /* Products */ = {
			isa = PBXGroup;
			children = (
				4D464D2C1E25873800443D3B /* Growler.app */,
				4D464D401E25873900443D3B /* GrowlerTests.xctest */,
			);
			name = Products;
			sourceTree = "<group>";
		};
		4D464D2E1E25873800443D3B /* Growler */ = {
			isa = PBXGroup;
			children = (
				27F0E3E81E344FA9005C32BB /* API.swift */,
				4D926F3F1E31794D00686AAC /* Queries */,
				4D464D4F1E258BA200443D3B /* Assets */,
				4D464D531E258BBD00443D3B /* Controllers */,
				4D464D521E258BB900443D3B /* Models */,
				4D464D541E258BC400443D3B /* Supporting Files */,
				4D464D551E258BCC00443D3B /* Utilities */,
				4D464D511E258BB300443D3B /* View Models */,
				4D464D501E258BAA00443D3B /* Views */,
			);
			path = Growler;
			sourceTree = "<group>";
		};
		4D464D431E25873900443D3B /* GrowlerTests */ = {
			isa = PBXGroup;
			children = (
				4D464D441E25873900443D3B /* GrowlerTests.swift */,
				4D464D461E25873900443D3B /* Info.plist */,
			);
			path = GrowlerTests;
			sourceTree = "<group>";
		};
		4D464D4F1E258BA200443D3B /* Assets */ = {
			isa = PBXGroup;
			children = (
				76DB38E31E3EC5E4001CF297 /* LibreBaskerville-Bold.ttf */,
				76DB38E41E3EC5E4001CF297 /* LibreBaskerville-Italic.ttf */,
				76DB38E51E3EC5E4001CF297 /* LibreBaskerville-Regular.ttf */,
				76DB38E61E3EC5E4001CF297 /* Raleway-Regular.ttf */,
				76DB38E71E3EC5E4001CF297 /* Raleway-SemiBold.ttf */,
				76DB38E81E3EC5E4001CF297 /* Raleway-Bold.ttf */,
				76DB38E91E3EC5E4001CF297 /* Raleway-Light.ttf */,
				4D464D361E25873800443D3B /* Assets.xcassets */,
				4D464D381E25873800443D3B /* LaunchScreen.storyboard */,
			);
			name = Assets;
			sourceTree = "<group>";
		};
		4D464D501E258BAA00443D3B /* Views */ = {
			isa = PBXGroup;
			children = (
				4D9ABDC51E3BD2D100D18DBF /* BeerCell.swift */,
				4D9ABDC71E3BD2E200D18DBF /* TradeCell.swift */,
			);
			name = Views;
			sourceTree = "<group>";
		};
		4D464D511E258BB300443D3B /* View Models */ = {
			isa = PBXGroup;
			children = (
				4D9ABDD01E3BEE2500D18DBF /* BeerListViewModel.swift */,
			);
			name = "View Models";
			sourceTree = "<group>";
		};
		4D464D521E258BB900443D3B /* Models */ = {
			isa = PBXGroup;
			children = (
			);
			name = Models;
			sourceTree = "<group>";
		};
		4D464D531E258BBD00443D3B /* Controllers */ = {
			isa = PBXGroup;
			children = (
				4D464D5A1E28338F00443D3B /* Tabs */,
			);
			name = Controllers;
			sourceTree = "<group>";
		};
		4D464D541E258BC400443D3B /* Supporting Files */ = {
			isa = PBXGroup;
			children = (
				4D464D2F1E25873800443D3B /* AppDelegate.swift */,
				4D464D3B1E25873800443D3B /* Info.plist */,
			);
			name = "Supporting Files";
			sourceTree = "<group>";
		};
		4D464D551E258BCC00443D3B /* Utilities */ = {
			isa = PBXGroup;
			children = (
				76DB38F11E3ED233001CF297 /* Extensions */,
				4D464D561E258CF200443D3B /* Configuration.swift */,
				4D464D581E25A1E300443D3B /* Style.swift */,
				4D2F67511E32AD72005D4D0B /* QueryClient.swift */,
				4D2F67531E32B707005D4D0B /* Constants.swift */,
			);
			name = Utilities;
			sourceTree = "<group>";
		};
		4D464D5A1E28338F00443D3B /* Tabs */ = {
			isa = PBXGroup;
			children = (
				4D9ABDDA1E3BF65600D18DBF /* Beers */,
				4D9ABDD91E3BF64F00D18DBF /* Profile */,
				4D9ABDD81E3BF64A00D18DBF /* Trades */,
				4D9ABDD61E3BF63300D18DBF /* Cellar */,
				4D464D631E2834ED00443D3B /* TabBarController.swift */,
			);
			name = Tabs;
			sourceTree = "<group>";
		};
		4D926F3F1E31794D00686AAC /* Queries */ = {
			isa = PBXGroup;
			children = (
				4D9ABDC91E3BEB7800D18DBF /* CellarQuery.graphql */,
				4D9ABDCA1E3BEB7800D18DBF /* TradesQuery.graphql */,
				4D9ABDCB1E3BEB7800D18DBF /* WantedQuery.graphql */,
				4D926F401E31796400686AAC /* BeersQuery.graphql */,
			);
			name = Queries;
			sourceTree = "<group>";
		};
		4D9ABDD61E3BF63300D18DBF /* Cellar */ = {
			isa = PBXGroup;
			children = (
				4D464D5B1E2833EB00443D3B /* CellarTabViewController.swift */,
				4D9ABDDB1E3BF67900D18DBF /* BeerListViewController.swift */,
			);
			name = Cellar;
			sourceTree = "<group>";
		};
		4D9ABDD81E3BF64A00D18DBF /* Trades */ = {
			isa = PBXGroup;
			children = (
				4D464D5D1E28341B00443D3B /* TradesTabViewController.swift */,
			);
			name = Trades;
			sourceTree = "<group>";
		};
		4D9ABDD91E3BF64F00D18DBF /* Profile */ = {
			isa = PBXGroup;
			children = (
				4D464D611E28343700443D3B /* ProfileTabViewController.swift */,
			);
			name = Profile;
			sourceTree = "<group>";
		};
		4D9ABDDA1E3BF65600D18DBF /* Beers */ = {
			isa = PBXGroup;
			children = (
				4D464D5F1E28342800443D3B /* BeersTabViewController.swift */,
			);
			name = Beers;
			sourceTree = "<group>";
		};
		76DB38F11E3ED233001CF297 /* Extensions */ = {
			isa = PBXGroup;
			children = (
				76DB38F21E3ED277001CF297 /* UIImage+Growler.swift */,
			);
			name = Extensions;
			sourceTree = "<group>";
		};
		ED0B0FEE7E49B55D2E22E457 /* Pods */ = {
			isa = PBXGroup;
			children = (
				59281B937F90CEED6D5995AB /* Pods-Growler.debug.xcconfig */,
				E67163784B7D09A3C51E99C5 /* Pods-Growler.release.xcconfig */,
			);
			name = Pods;
			sourceTree = "<group>";
		};
/* End PBXGroup section */

/* Begin PBXNativeTarget section */
		4D464D2B1E25873800443D3B /* Growler */ = {
			isa = PBXNativeTarget;
			buildConfigurationList = 4D464D491E25873900443D3B /* Build configuration list for PBXNativeTarget "Growler" */;
			buildPhases = (
				ECE6EE5633AACFB510252798 /* [CP] Check Pods Manifest.lock */,
				4DEABF6F1E3182580090A7CA /* Generate Apollo GraphQL API */,
				4D464D281E25873800443D3B /* Sources */,
				4D464D291E25873800443D3B /* Frameworks */,
				4D464D2A1E25873800443D3B /* Resources */,
				99EA030C26E71CBB63B2A447 /* [CP] Embed Pods Frameworks */,
				42BE3BDA3B247040FA785CB9 /* [CP] Copy Pods Resources */,
			);
			buildRules = (
			);
			dependencies = (
			);
			name = Growler;
			productName = Growler;
			productReference = 4D464D2C1E25873800443D3B /* Growler.app */;
			productType = "com.apple.product-type.application";
		};
		4D464D3F1E25873900443D3B /* GrowlerTests */ = {
			isa = PBXNativeTarget;
			buildConfigurationList = 4D464D4C1E25873900443D3B /* Build configuration list for PBXNativeTarget "GrowlerTests" */;
			buildPhases = (
				4D464D3C1E25873900443D3B /* Sources */,
				4D464D3D1E25873900443D3B /* Frameworks */,
				4D464D3E1E25873900443D3B /* Resources */,
			);
			buildRules = (
			);
			dependencies = (
				4D464D421E25873900443D3B /* PBXTargetDependency */,
			);
			name = GrowlerTests;
			productName = GrowlerTests;
			productReference = 4D464D401E25873900443D3B /* GrowlerTests.xctest */;
			productType = "com.apple.product-type.bundle.unit-test";
		};
/* End PBXNativeTarget section */

/* Begin PBXProject section */
		4D464D241E25873800443D3B /* Project object */ = {
			isa = PBXProject;
			attributes = {
				LastSwiftUpdateCheck = 0820;
				LastUpgradeCheck = 0820;
				ORGANIZATIONNAME = Growler;
				TargetAttributes = {
					4D464D2B1E25873800443D3B = {
						CreatedOnToolsVersion = 8.2.1;
						DevelopmentTeam = 726J23ESFP;
						ProvisioningStyle = Automatic;
					};
					4D464D3F1E25873900443D3B = {
						CreatedOnToolsVersion = 8.2.1;
						DevelopmentTeam = 726J23ESFP;
						ProvisioningStyle = Automatic;
						TestTargetID = 4D464D2B1E25873800443D3B;
					};
				};
			};
			buildConfigurationList = 4D464D271E25873800443D3B /* Build configuration list for PBXProject "Growler" */;
			compatibilityVersion = "Xcode 3.2";
			developmentRegion = English;
			hasScannedForEncodings = 0;
			knownRegions = (
				en,
				Base,
			);
			mainGroup = 4D464D231E25873800443D3B;
			productRefGroup = 4D464D2D1E25873800443D3B /* Products */;
			projectDirPath = "";
			projectRoot = "";
			targets = (
				4D464D2B1E25873800443D3B /* Growler */,
				4D464D3F1E25873900443D3B /* GrowlerTests */,
			);
		};
/* End PBXProject section */

/* Begin PBXResourcesBuildPhase section */
		4D464D2A1E25873800443D3B /* Resources */ = {
			isa = PBXResourcesBuildPhase;
			buildActionMask = 2147483647;
			files = (
				4D9ABDCD1E3BEB7800D18DBF /* TradesQuery.graphql in Resources */,
				76DB38ED1E3EC5E4001CF297 /* Raleway-Regular.ttf in Resources */,
				76DB38EA1E3EC5E4001CF297 /* LibreBaskerville-Bold.ttf in Resources */,
				4D464D3A1E25873800443D3B /* LaunchScreen.storyboard in Resources */,
				76DB38EC1E3EC5E4001CF297 /* LibreBaskerville-Regular.ttf in Resources */,
				4D9ABDCC1E3BEB7800D18DBF /* CellarQuery.graphql in Resources */,
				76DB38EB1E3EC5E4001CF297 /* LibreBaskerville-Italic.ttf in Resources */,
				76DB38EF1E3EC5E4001CF297 /* Raleway-Bold.ttf in Resources */,
				4D9ABDCE1E3BEB7800D18DBF /* WantedQuery.graphql in Resources */,
				76DB38F01E3EC5E4001CF297 /* Raleway-Light.ttf in Resources */,
				4D926F411E31796400686AAC /* BeersQuery.graphql in Resources */,
				4D464D371E25873800443D3B /* Assets.xcassets in Resources */,
				76DB38EE1E3EC5E4001CF297 /* Raleway-SemiBold.ttf in Resources */,
			);
			runOnlyForDeploymentPostprocessing = 0;
		};
		4D464D3E1E25873900443D3B /* Resources */ = {
			isa = PBXResourcesBuildPhase;
			buildActionMask = 2147483647;
			files = (
			);
			runOnlyForDeploymentPostprocessing = 0;
		};
/* End PBXResourcesBuildPhase section */

/* Begin PBXShellScriptBuildPhase section */
		42BE3BDA3B247040FA785CB9 /* [CP] Copy Pods Resources */ = {
			isa = PBXShellScriptBuildPhase;
			buildActionMask = 2147483647;
			files = (
			);
			inputPaths = (
			);
			name = "[CP] Copy Pods Resources";
			outputPaths = (
			);
			runOnlyForDeploymentPostprocessing = 0;
			shellPath = /bin/sh;
			shellScript = "\"${SRCROOT}/Pods/Target Support Files/Pods-Growler/Pods-Growler-resources.sh\"\n";
			showEnvVarsInLog = 0;
		};
		4DEABF6F1E3182580090A7CA /* Generate Apollo GraphQL API */ = {
			isa = PBXShellScriptBuildPhase;
			buildActionMask = 2147483647;
			files = (
			);
			inputPaths = (
			);
			name = "Generate Apollo GraphQL API";
			outputPaths = (
			);
			runOnlyForDeploymentPostprocessing = 0;
			shellPath = /bin/sh;
			shellScript = "APOLLO_FRAMEWORK_PATH=\"$(eval find $FRAMEWORK_SEARCH_PATHS -name \"Apollo.framework\" -maxdepth 1)\"\n\nif [ -z \"$APOLLO_FRAMEWORK_PATH\" ]; then\necho \"error: Couldn't find Apollo.framework in FRAMEWORK_SEARCH_PATHS; make sure to add the framework to your project.\"\nexit 1\nfi\n\ncd \"${SRCROOT}/${TARGET_NAME}\"\n$APOLLO_FRAMEWORK_PATH/check-and-run-apollo-codegen.sh generate $(find . -name '*.graphql') --schema schema.json --output API.swift";
		};
		99EA030C26E71CBB63B2A447 /* [CP] Embed Pods Frameworks */ = {
			isa = PBXShellScriptBuildPhase;
			buildActionMask = 2147483647;
			files = (
			);
			inputPaths = (
			);
			name = "[CP] Embed Pods Frameworks";
			outputPaths = (
			);
			runOnlyForDeploymentPostprocessing = 0;
			shellPath = /bin/sh;
			shellScript = "\"${SRCROOT}/Pods/Target Support Files/Pods-Growler/Pods-Growler-frameworks.sh\"\n";
			showEnvVarsInLog = 0;
		};
		ECE6EE5633AACFB510252798 /* [CP] Check Pods Manifest.lock */ = {
			isa = PBXShellScriptBuildPhase;
			buildActionMask = 2147483647;
			files = (
			);
			inputPaths = (
			);
			name = "[CP] Check Pods Manifest.lock";
			outputPaths = (
			);
			runOnlyForDeploymentPostprocessing = 0;
			shellPath = /bin/sh;
			shellScript = "diff \"${PODS_ROOT}/../Podfile.lock\" \"${PODS_ROOT}/Manifest.lock\" > /dev/null\nif [ $? != 0 ] ; then\n    # print error to STDERR\n    echo \"error: The sandbox is not in sync with the Podfile.lock. Run 'pod install' or update your CocoaPods installation.\" >&2\n    exit 1\nfi\n";
			showEnvVarsInLog = 0;
		};
/* End PBXShellScriptBuildPhase section */

/* Begin PBXSourcesBuildPhase section */
		4D464D281E25873800443D3B /* Sources */ = {
			isa = PBXSourcesBuildPhase;
			buildActionMask = 2147483647;
			files = (
				4D9ABDC61E3BD2D100D18DBF /* BeerCell.swift in Sources */,
				27F0E3E91E344FA9005C32BB /* API.swift in Sources */,
				4D464D571E258CF200443D3B /* Configuration.swift in Sources */,
				4D464D641E2834ED00443D3B /* TabBarController.swift in Sources */,
				4D464D5E1E28341B00443D3B /* TradesTabViewController.swift in Sources */,
				4D464D601E28342800443D3B /* BeersTabViewController.swift in Sources */,
				4D464D591E25A1E300443D3B /* Style.swift in Sources */,
				4D2F67541E32B707005D4D0B /* Constants.swift in Sources */,
				76DB38F31E3ED277001CF297 /* UIImage+Growler.swift in Sources */,
				4D9ABDC81E3BD2E200D18DBF /* TradeCell.swift in Sources */,
				4D9ABDD11E3BEE2500D18DBF /* BeerListViewModel.swift in Sources */,
				4D464D621E28343700443D3B /* ProfileTabViewController.swift in Sources */,
				4D2F67521E32AD72005D4D0B /* QueryClient.swift in Sources */,
				4D464D301E25873800443D3B /* AppDelegate.swift in Sources */,
				4D464D5C1E2833EB00443D3B /* CellarTabViewController.swift in Sources */,
				4D9ABDDC1E3BF67900D18DBF /* BeerListViewController.swift in Sources */,
			);
			runOnlyForDeploymentPostprocessing = 0;
		};
		4D464D3C1E25873900443D3B /* Sources */ = {
			isa = PBXSourcesBuildPhase;
			buildActionMask = 2147483647;
			files = (
				4D464D451E25873900443D3B /* GrowlerTests.swift in Sources */,
			);
			runOnlyForDeploymentPostprocessing = 0;
		};
/* End PBXSourcesBuildPhase section */

/* Begin PBXTargetDependency section */
		4D464D421E25873900443D3B /* PBXTargetDependency */ = {
			isa = PBXTargetDependency;
			target = 4D464D2B1E25873800443D3B /* Growler */;
			targetProxy = 4D464D411E25873900443D3B /* PBXContainerItemProxy */;
		};
/* End PBXTargetDependency section */

/* Begin PBXVariantGroup section */
		4D464D381E25873800443D3B /* LaunchScreen.storyboard */ = {
			isa = PBXVariantGroup;
			children = (
				4D464D391E25873800443D3B /* Base */,
			);
			name = LaunchScreen.storyboard;
			sourceTree = "<group>";
		};
/* End PBXVariantGroup section */

/* Begin XCBuildConfiguration section */
		4D464D471E25873900443D3B /* Debug */ = {
			isa = XCBuildConfiguration;
			buildSettings = {
				ALWAYS_SEARCH_USER_PATHS = NO;
				CLANG_ANALYZER_NONNULL = YES;
				CLANG_CXX_LANGUAGE_STANDARD = "gnu++0x";
				CLANG_CXX_LIBRARY = "libc++";
				CLANG_ENABLE_MODULES = YES;
				CLANG_ENABLE_OBJC_ARC = YES;
				CLANG_WARN_BOOL_CONVERSION = YES;
				CLANG_WARN_CONSTANT_CONVERSION = YES;
				CLANG_WARN_DIRECT_OBJC_ISA_USAGE = YES_ERROR;
				CLANG_WARN_DOCUMENTATION_COMMENTS = YES;
				CLANG_WARN_EMPTY_BODY = YES;
				CLANG_WARN_ENUM_CONVERSION = YES;
				CLANG_WARN_INFINITE_RECURSION = YES;
				CLANG_WARN_INT_CONVERSION = YES;
				CLANG_WARN_OBJC_ROOT_CLASS = YES_ERROR;
				CLANG_WARN_SUSPICIOUS_MOVE = YES;
				CLANG_WARN_UNREACHABLE_CODE = YES;
				CLANG_WARN__DUPLICATE_METHOD_MATCH = YES;
				"CODE_SIGN_IDENTITY[sdk=iphoneos*]" = "iPhone Developer";
				COPY_PHASE_STRIP = NO;
				DEBUG_INFORMATION_FORMAT = dwarf;
				ENABLE_STRICT_OBJC_MSGSEND = YES;
				ENABLE_TESTABILITY = YES;
				GCC_C_LANGUAGE_STANDARD = gnu99;
				GCC_DYNAMIC_NO_PIC = NO;
				GCC_NO_COMMON_BLOCKS = YES;
				GCC_OPTIMIZATION_LEVEL = 0;
				GCC_PREPROCESSOR_DEFINITIONS = (
					"DEBUG=1",
					"$(inherited)",
				);
				GCC_WARN_64_TO_32_BIT_CONVERSION = YES;
				GCC_WARN_ABOUT_RETURN_TYPE = YES_ERROR;
				GCC_WARN_UNDECLARED_SELECTOR = YES;
				GCC_WARN_UNINITIALIZED_AUTOS = YES_AGGRESSIVE;
				GCC_WARN_UNUSED_FUNCTION = YES;
				GCC_WARN_UNUSED_VARIABLE = YES;
				IPHONEOS_DEPLOYMENT_TARGET = 10.0;
				MTL_ENABLE_DEBUG_INFO = YES;
				ONLY_ACTIVE_ARCH = YES;
				SDKROOT = iphoneos;
				SWIFT_ACTIVE_COMPILATION_CONDITIONS = DEBUG;
				SWIFT_OPTIMIZATION_LEVEL = "-Onone";
				TARGETED_DEVICE_FAMILY = "1,2";
			};
			name = Debug;
		};
		4D464D481E25873900443D3B /* Release */ = {
			isa = XCBuildConfiguration;
			buildSettings = {
				ALWAYS_SEARCH_USER_PATHS = NO;
				CLANG_ANALYZER_NONNULL = YES;
				CLANG_CXX_LANGUAGE_STANDARD = "gnu++0x";
				CLANG_CXX_LIBRARY = "libc++";
				CLANG_ENABLE_MODULES = YES;
				CLANG_ENABLE_OBJC_ARC = YES;
				CLANG_WARN_BOOL_CONVERSION = YES;
				CLANG_WARN_CONSTANT_CONVERSION = YES;
				CLANG_WARN_DIRECT_OBJC_ISA_USAGE = YES_ERROR;
				CLANG_WARN_DOCUMENTATION_COMMENTS = YES;
				CLANG_WARN_EMPTY_BODY = YES;
				CLANG_WARN_ENUM_CONVERSION = YES;
				CLANG_WARN_INFINITE_RECURSION = YES;
				CLANG_WARN_INT_CONVERSION = YES;
				CLANG_WARN_OBJC_ROOT_CLASS = YES_ERROR;
				CLANG_WARN_SUSPICIOUS_MOVE = YES;
				CLANG_WARN_UNREACHABLE_CODE = YES;
				CLANG_WARN__DUPLICATE_METHOD_MATCH = YES;
				"CODE_SIGN_IDENTITY[sdk=iphoneos*]" = "iPhone Developer";
				COPY_PHASE_STRIP = NO;
				DEBUG_INFORMATION_FORMAT = "dwarf-with-dsym";
				ENABLE_NS_ASSERTIONS = NO;
				ENABLE_STRICT_OBJC_MSGSEND = YES;
				GCC_C_LANGUAGE_STANDARD = gnu99;
				GCC_NO_COMMON_BLOCKS = YES;
				GCC_WARN_64_TO_32_BIT_CONVERSION = YES;
				GCC_WARN_ABOUT_RETURN_TYPE = YES_ERROR;
				GCC_WARN_UNDECLARED_SELECTOR = YES;
				GCC_WARN_UNINITIALIZED_AUTOS = YES_AGGRESSIVE;
				GCC_WARN_UNUSED_FUNCTION = YES;
				GCC_WARN_UNUSED_VARIABLE = YES;
				IPHONEOS_DEPLOYMENT_TARGET = 10.0;
				MTL_ENABLE_DEBUG_INFO = NO;
				SDKROOT = iphoneos;
				SWIFT_OPTIMIZATION_LEVEL = "-Owholemodule";
				TARGETED_DEVICE_FAMILY = "1,2";
				VALIDATE_PRODUCT = YES;
			};
			name = Release;
		};
		4D464D4A1E25873900443D3B /* Debug */ = {
			isa = XCBuildConfiguration;
			baseConfigurationReference = 59281B937F90CEED6D5995AB /* Pods-Growler.debug.xcconfig */;
			buildSettings = {
				ASSETCATALOG_COMPILER_APPICON_NAME = AppIcon;
				DEVELOPMENT_TEAM = 726J23ESFP;
				INFOPLIST_FILE = "$(SRCROOT)/Growler/Supporting Files/Info.plist";
				IPHONEOS_DEPLOYMENT_TARGET = 10.0;
				LD_RUNPATH_SEARCH_PATHS = "$(inherited) @executable_path/Frameworks";
				PRODUCT_BUNDLE_IDENTIFIER = beer.growl.Growler;
				PRODUCT_NAME = "$(TARGET_NAME)";
				SWIFT_VERSION = 3.0;
			};
			name = Debug;
		};
		4D464D4B1E25873900443D3B /* Release */ = {
			isa = XCBuildConfiguration;
			baseConfigurationReference = E67163784B7D09A3C51E99C5 /* Pods-Growler.release.xcconfig */;
			buildSettings = {
				ASSETCATALOG_COMPILER_APPICON_NAME = AppIcon;
				DEVELOPMENT_TEAM = 726J23ESFP;
				INFOPLIST_FILE = "$(SRCROOT)/Growler/Supporting Files/Info.plist";
				IPHONEOS_DEPLOYMENT_TARGET = 10.0;
				LD_RUNPATH_SEARCH_PATHS = "$(inherited) @executable_path/Frameworks";
				PRODUCT_BUNDLE_IDENTIFIER = beer.growl.Growler;
				PRODUCT_NAME = "$(TARGET_NAME)";
				SWIFT_VERSION = 3.0;
			};
			name = Release;
		};
		4D464D4D1E25873900443D3B /* Debug */ = {
			isa = XCBuildConfiguration;
			buildSettings = {
				ALWAYS_EMBED_SWIFT_STANDARD_LIBRARIES = YES;
				BUNDLE_LOADER = "$(TEST_HOST)";
				DEVELOPMENT_TEAM = 726J23ESFP;
				INFOPLIST_FILE = GrowlerTests/Info.plist;
				LD_RUNPATH_SEARCH_PATHS = "$(inherited) @executable_path/Frameworks @loader_path/Frameworks";
				PRODUCT_BUNDLE_IDENTIFIER = beer.growl.GrowlerTests;
				PRODUCT_NAME = "$(TARGET_NAME)";
				SWIFT_VERSION = 3.0;
				TEST_HOST = "$(BUILT_PRODUCTS_DIR)/Growler.app/Growler";
			};
			name = Debug;
		};
		4D464D4E1E25873900443D3B /* Release */ = {
			isa = XCBuildConfiguration;
			buildSettings = {
				ALWAYS_EMBED_SWIFT_STANDARD_LIBRARIES = YES;
				BUNDLE_LOADER = "$(TEST_HOST)";
				DEVELOPMENT_TEAM = 726J23ESFP;
				INFOPLIST_FILE = GrowlerTests/Info.plist;
				LD_RUNPATH_SEARCH_PATHS = "$(inherited) @executable_path/Frameworks @loader_path/Frameworks";
				PRODUCT_BUNDLE_IDENTIFIER = beer.growl.GrowlerTests;
				PRODUCT_NAME = "$(TARGET_NAME)";
				SWIFT_VERSION = 3.0;
				TEST_HOST = "$(BUILT_PRODUCTS_DIR)/Growler.app/Growler";
			};
			name = Release;
		};
/* End XCBuildConfiguration section */

/* Begin XCConfigurationList section */
		4D464D271E25873800443D3B /* Build configuration list for PBXProject "Growler" */ = {
			isa = XCConfigurationList;
			buildConfigurations = (
				4D464D471E25873900443D3B /* Debug */,
				4D464D481E25873900443D3B /* Release */,
			);
			defaultConfigurationIsVisible = 0;
			defaultConfigurationName = Release;
		};
		4D464D491E25873900443D3B /* Build configuration list for PBXNativeTarget "Growler" */ = {
			isa = XCConfigurationList;
			buildConfigurations = (
				4D464D4A1E25873900443D3B /* Debug */,
				4D464D4B1E25873900443D3B /* Release */,
			);
			defaultConfigurationIsVisible = 0;
			defaultConfigurationName = Release;
		};
		4D464D4C1E25873900443D3B /* Build configuration list for PBXNativeTarget "GrowlerTests" */ = {
			isa = XCConfigurationList;
			buildConfigurations = (
				4D464D4D1E25873900443D3B /* Debug */,
				4D464D4E1E25873900443D3B /* Release */,
			);
			defaultConfigurationIsVisible = 0;
			defaultConfigurationName = Release;
		};
/* End XCConfigurationList section */
	};
	rootObject = 4D464D241E25873800443D3B /* Project object */;
}
